
Microsoft Visual Studio Solution File, Format Version 12.00
# Visual Studio Version 17
VisualStudioVersion = 17.14.36221.1 d17.14
MinimumVisualStudioVersion = 10.0.40219.1
Project("{FAE04EC0-301F-11D3-BF4B-00C04F79EFBC}") = "Proect.API", "Proect.API\Proect.API.csproj", "{CE37BC1E-7C4E-4C0A-B105-AFB4DCC35EE5}"
EndProject
Project("{FAE04EC0-301F-11D3-BF4B-00C04F79EFBC}") = "Project.BLL", "Project.BLL\Project.BLL.csproj", "{D74EF398-6DE9-412B-9848-2F6880585138}"
EndProject
Project("{FAE04EC0-301F-11D3-BF4B-00C04F79EFBC}") = "Project.DAL", "Project.DAL\Project.DAL.csproj", "{C4BEB9B6-F4C3-4B38-AFD9-248DA9867394}"
EndProject
Global
	GlobalSection(SolutionConfigurationPlatforms) = preSolution
		Debug|Any CPU = Debug|Any CPU
		Release|Any CPU = Release|Any CPU
	EndGlobalSection
	GlobalSection(ProjectConfigurationPlatforms) = postSolution
		{CE37BC1E-7C4E-4C0A-B105-AFB4DCC35EE5}.Debug|Any CPU.ActiveCfg = Debug|Any CPU
		{CE37BC1E-7C4E-4C0A-B105-AFB4DCC35EE5}.Debug|Any CPU.Build.0 = Debug|Any CPU
		{CE37BC1E-7C4E-4C0A-B105-AFB4DCC35EE5}.Release|Any CPU.ActiveCfg = Release|Any CPU
		{CE37BC1E-7C4E-4C0A-B105-AFB4DCC35EE5}.Release|Any CPU.Build.0 = Release|Any CPU
		{D74EF398-6DE9-412B-9848-2F6880585138}.Debug|Any CPU.ActiveCfg = Debug|Any CPU
		{D74EF398-6DE9-412B-9848-2F6880585138}.Debug|Any CPU.Build.0 = Debug|Any CPU
		{D74EF398-6DE9-412B-9848-2F6880585138}.Release|Any CPU.ActiveCfg = Release|Any CPU
		{D74EF398-6DE9-412B-9848-2F6880585138}.Release|Any CPU.Build.0 = Release|Any CPU
		{C4BEB9B6-F4C3-4B38-AFD9-248DA9867394}.Debug|Any CPU.ActiveCfg = Debug|Any CPU
		{C4BEB9B6-F4C3-4B38-AFD9-248DA9867394}.Debug|Any CPU.Build.0 = Debug|Any CPU
		{C4BEB9B6-F4C3-4B38-AFD9-248DA9867394}.Release|Any CPU.ActiveCfg = Release|Any CPU
		{C4BEB9B6-F4C3-4B38-AFD9-248DA9867394}.Release|Any CPU.Build.0 = Release|Any CPU
	EndGlobalSection
	GlobalSection(SolutionProperties) = preSolution
		HideSolutionNode = FALSE
	EndGlobalSection
	GlobalSection(ExtensibilityGlobals) = postSolution
		SolutionGuid = {8C2E3995-BE91-406F-8AD8-DDD06B1FB1A8}
	EndGlobalSection
EndGlobal
